<?xml version="1.0" encoding="utf-8"?>
<Project ToolsVersion="4.0" xmlns="http://schemas.microsoft.com/developer/msbuild/2003">
  <ItemGroup>
    <ClCompile Include="ndaddr.cpp">
      <Filter>소스 파일</Filter>
    </ClCompile>
    <ClCompile Include="ndfrmwrk.cpp">
      <Filter>소스 파일</Filter>
    </ClCompile>
    <ClCompile Include="ndprov.cpp">
      <Filter>소스 파일</Filter>
    </ClCompile>
    <ClCompile Include="pch.cpp">
      <Filter>소스 파일</Filter>
    </ClCompile>
    <ClCompile Include="RDMAClient.cpp">
      <Filter>소스 파일</Filter>
    </ClCompile>
    <ClCompile Include="RDMAServer.cpp">
      <Filter>소스 파일</Filter>
    </ClCompile>
    <ClCompile Include="RDMACommon.cpp">
      <Filter>소스 파일</Filter>
    </ClCompile>
  </ItemGroup>
  <ItemGroup>
    <ClInclude Include="framework.h">
      <Filter>헤더 파일</Filter>
    </ClInclude>
    <ClInclude Include="ndaddr.h">
      <Filter>헤더 파일</Filter>
    </ClInclude>
    <ClInclude Include="ndfrmwrk.h">
      <Filter>헤더 파일</Filter>
    </ClInclude>
    <ClInclude Include="ndprov.h">
      <Filter>헤더 파일</Filter>
    </ClInclude>
    <ClInclude Include="pch.h">
      <Filter>헤더 파일</Filter>
    </ClInclude>
    <ClInclude Include="RDMAClient.h">
      <Filter>헤더 파일</Filter>
    </ClInclude>
    <ClInclude Include="RDMAServer.h">
      <Filter>헤더 파일</Filter>
    </ClInclude>
    <ClInclude Include="RDMACommon.h">
      <Filter>헤더 파일</Filter>
    </ClInclude>
  </ItemGroup>
  <ItemGroup>
    <Filter Include="소스 파일">
      <UniqueIdentifier>{1fd64062-c125-4452-9c8e-658633f4cff4}</UniqueIdentifier>
    </Filter>
    <Filter Include="헤더 파일">
      <UniqueIdentifier>{67c1db64-8804-4e8d-9418-842155c4e380}</UniqueIdentifier>
    </Filter>
  </ItemGroup>
</Project>